// !$*UTF8*$!
{
	archiveVersion = 1;
	classes = {
	};
	objectVersion = 56;
	objects = {

/* Begin PBXBuildFile section */
		8D79AE1F2AA8662D009EC2BC /* AppDelegate.swift in Sources */ = {isa = PBXBuildFile; fileRef = 8D79AE1E2AA8662D009EC2BC /* AppDelegate.swift */; };
		8D79AE212AA8662D009EC2BC /* SceneDelegate.swift in Sources */ = {isa = PBXBuildFile; fileRef = 8D79AE202AA8662D009EC2BC /* SceneDelegate.swift */; };
		8D79AE232AA8662D009EC2BC /* ViewController.swift in Sources */ = {isa = PBXBuildFile; fileRef = 8D79AE222AA8662D009EC2BC /* ViewController.swift */; };
		8D79AE262AA8662D009EC2BC /* Main.storyboard in Resources */ = {isa = PBXBuildFile; fileRef = 8D79AE242AA8662D009EC2BC /* Main.storyboard */; };
		8D79AE282AA8662E009EC2BC /* Assets.xcassets in Resources */ = {isa = PBXBuildFile; fileRef = 8D79AE272AA8662E009EC2BC /* Assets.xcassets */; };
		8D79AE2B2AA8662E009EC2BC /* LaunchScreen.storyboard in Resources */ = {isa = PBXBuildFile; fileRef = 8D79AE292AA8662E009EC2BC /* LaunchScreen.storyboard */; };
		8D79AE382AA866B8009EC2BC /* HomeViewC.swift in Sources */ = {isa = PBXBuildFile; fileRef = 8D79AE372AA866B8009EC2BC /* HomeViewC.swift */; };
		8D79AE3A2AA866C4009EC2BC /* Home.storyboard in Resources */ = {isa = PBXBuildFile; fileRef = 8D79AE392AA866C4009EC2BC /* Home.storyboard */; };
/* End PBXBuildFile section */

/* Begin PBXFileReference section */
		8D79AE1B2AA8662D009EC2BC /* Aarambh_iOS_UIKit.app */ = {isa = PBXFileReference; explicitFileType = wrapper.application; includeInIndex = 0; path = Aarambh_iOS_UIKit.app; sourceTree = BUILT_PRODUCTS_DIR; };
		8D79AE1E2AA8662D009EC2BC /* AppDelegate.swift */ = {isa = PBXFileReference; lastKnownFileType = sourcecode.swift; path = AppDelegate.swift; sourceTree = "<group>"; };
		8D79AE202AA8662D009EC2BC /* SceneDelegate.swift */ = {isa = PBXFileReference; lastKnownFileType = sourcecode.swift; path = SceneDelegate.swift; sourceTree = "<group>"; };
		8D79AE222AA8662D009EC2BC /* ViewController.swift */ = {isa = PBXFileReference; lastKnownFileType = sourcecode.swift; path = ViewController.swift; sourceTree = "<group>"; };
		8D79AE252AA8662D009EC2BC /* Base */ = {isa = PBXFileReference; lastKnownFileType = file.storyboard; name = Base; path = Base.lproj/Main.storyboard; sourceTree = "<group>"; };
		8D79AE272AA8662E009EC2BC /* Assets.xcassets */ = {isa = PBXFileReference; lastKnownFileType = folder.assetcatalog; path = Assets.xcassets; sourceTree = "<group>"; };
		8D79AE2A2AA8662E009EC2BC /* Base */ = {isa = PBXFileReference; lastKnownFileType = file.storyboard; name = Base; path = Base.lproj/LaunchScreen.storyboard; sourceTree = "<group>"; };
		8D79AE2C2AA8662E009EC2BC /* Info.plist */ = {isa = PBXFileReference; lastKnownFileType = text.plist.xml; path = Info.plist; sourceTree = "<group>"; };
		8D79AE372AA866B8009EC2BC /* HomeViewC.swift */ = {isa = PBXFileReference; lastKnownFileType = sourcecode.swift; path = HomeViewC.swift; sourceTree = "<group>"; };
		8D79AE392AA866C4009EC2BC /* Home.storyboard */ = {isa = PBXFileReference; lastKnownFileType = file.storyboard; path = Home.storyboard; sourceTree = "<group>"; };
/* End PBXFileReference section */

/* Begin PBXFrameworksBuildPhase section */
		8D79AE182AA8662D009EC2BC /* Frameworks */ = {
			isa = PBXFrameworksBuildPhase;
			buildActionMask = 2147483647;
			files = (
			);
			runOnlyForDeploymentPostprocessing = 0;
		};
/* End PBXFrameworksBuildPhase section */

/* Begin PBXGroup section */
		8D79AE122AA8662D009EC2BC = {
			isa = PBXGroup;
			children = (
				8D79AE1D2AA8662D009EC2BC /* Aarambh_iOS_UIKit */,
				8D79AE1C2AA8662D009EC2BC /* Products */,
			);
			sourceTree = "<group>";
		};
		8D79AE1C2AA8662D009EC2BC /* Products */ = {
			isa = PBXGroup;
			children = (
				8D79AE1B2AA8662D009EC2BC /* Aarambh_iOS_UIKit.app */,
			);
			name = Products;
			sourceTree = "<group>";
		};
		8D79AE1D2AA8662D009EC2BC /* Aarambh_iOS_UIKit */ = {
			isa = PBXGroup;
			children = (
				8D79AE322AA8664F009EC2BC /* SystemFiles */,
				8D79AE362AA86691009EC2BC /* Controllers */,
				8D79AE332AA86663009EC2BC /* Storyboards */,
				8D79AE352AA86678009EC2BC /* ResourceFiles */,
				8D79AE2C2AA8662E009EC2BC /* Info.plist */,
			);
			path = Aarambh_iOS_UIKit;
			sourceTree = "<group>";
		};
		8D79AE322AA8664F009EC2BC /* SystemFiles */ = {
			isa = PBXGroup;
			children = (
				8D79AE1E2AA8662D009EC2BC /* AppDelegate.swift */,
				8D79AE202AA8662D009EC2BC /* SceneDelegate.swift */,
				8D79AE222AA8662D009EC2BC /* ViewController.swift */,
			);
			path = SystemFiles;
			sourceTree = "<group>";
		};
		8D79AE332AA86663009EC2BC /* Storyboards */ = {
			isa = PBXGroup;
			children = (
				8D79AE242AA8662D009EC2BC /* Main.storyboard */,
				8D79AE292AA8662E009EC2BC /* LaunchScreen.storyboard */,
				8D79AE392AA866C4009EC2BC /* Home.storyboard */,
			);
			path = Storyboards;
			sourceTree = "<group>";
		};
		8D79AE342AA86670009EC2BC /* Assets */ = {
			isa = PBXGroup;
			children = (
				8D79AE272AA8662E009EC2BC /* Assets.xcassets */,
			);
			path = Assets;
			sourceTree = "<group>";
		};
		8D79AE352AA86678009EC2BC /* ResourceFiles */ = {
			isa = PBXGroup;
			children = (
				8D79AE342AA86670009EC2BC /* Assets */,
			);
			path = ResourceFiles;
			sourceTree = "<group>";
		};
		8D79AE362AA86691009EC2BC /* Controllers */ = {
			isa = PBXGroup;
			children = (
				8D79AE372AA866B8009EC2BC /* HomeViewC.swift */,
			);
			path = Controllers;
			sourceTree = "<group>";
		};
/* End PBXGroup section */

/* Begin PBXNativeTarget section */
		8D79AE1A2AA8662D009EC2BC /* Aarambh_iOS_UIKit */ = {
			isa = PBXNativeTarget;
			buildConfigurationList = 8D79AE2F2AA8662E009EC2BC /* Build configuration list for PBXNativeTarget "Aarambh_iOS_UIKit" */;
			buildPhases = (
				8D79AE172AA8662D009EC2BC /* Sources */,
				8D79AE182AA8662D009EC2BC /* Frameworks */,
				8D79AE192AA8662D009EC2BC /* Resources */,
				8D79AE3B2AA873F1009EC2BC /* ShellScript */,
			);
			buildRules = (
			);
			dependencies = (
			);
			name = Aarambh_iOS_UIKit;
			productName = Aarambh_iOS_UIKit;
			productReference = 8D79AE1B2AA8662D009EC2BC /* Aarambh_iOS_UIKit.app */;
			productType = "com.apple.product-type.application";
		};
/* End PBXNativeTarget section */

/* Begin PBXProject section */
		8D79AE132AA8662D009EC2BC /* Project object */ = {
			isa = PBXProject;
			attributes = {
				BuildIndependentTargetsInParallel = 1;
				LastSwiftUpdateCheck = 1430;
				LastUpgradeCheck = 1430;
				TargetAttributes = {
					8D79AE1A2AA8662D009EC2BC = {
						CreatedOnToolsVersion = 14.3.1;
					};
				};
			};
			buildConfigurationList = 8D79AE162AA8662D009EC2BC /* Build configuration list for PBXProject "Aarambh_iOS_UIKit" */;
			compatibilityVersion = "Xcode 14.0";
			developmentRegion = en;
			hasScannedForEncodings = 0;
			knownRegions = (
				en,
				Base,
			);
			mainGroup = 8D79AE122AA8662D009EC2BC;
			productRefGroup = 8D79AE1C2AA8662D009EC2BC /* Products */;
			projectDirPath = "";
			projectRoot = "";
			targets = (
				8D79AE1A2AA8662D009EC2BC /* Aarambh_iOS_UIKit */,
			);
		};
/* End PBXProject section */

/* Begin PBXResourcesBuildPhase section */
		8D79AE192AA8662D009EC2BC /* Resources */ = {
			isa = PBXResourcesBuildPhase;
			buildActionMask = 2147483647;
			files = (
				8D79AE2B2AA8662E009EC2BC /* LaunchScreen.storyboard in Resources */,
				8D79AE282AA8662E009EC2BC /* Assets.xcassets in Resources */,
				8D79AE262AA8662D009EC2BC /* Main.storyboard in Resources */,
				8D79AE3A2AA866C4009EC2BC /* Home.storyboard in Resources */,
			);
			runOnlyForDeploymentPostprocessing = 0;
		};
/* End PBXResourcesBuildPhase section */

/* Begin PBXShellScriptBuildPhase section */
		8D79AE3B2AA873F1009EC2BC /* ShellScript */ = {
			isa = PBXShellScriptBuildPhase;
			buildActionMask = 2147483647;
			files = (
			);
			inputFileListPaths = (
			);
			inputPaths = (
			);
			outputFileListPaths = (
			);
			outputPaths = (
			);
			runOnlyForDeploymentPostprocessing = 0;
			shellPath = /bin/sh;
			shellScript = "if [[ \"$(uname -m)\" == arm64 ]]; then\n    export PATH=\"/opt/homebrew/bin:$PATH\"\nfi\n\nif which swiftlint > /dev/null; then\n  swiftlint\nelse\n  echo \"warning: SwiftLint not installed, download from https://github.com/realm/SwiftLint\"\nfi\n";
		};
/* End PBXShellScriptBuildPhase section */

/* Begin PBXSourcesBuildPhase section */
		8D79AE172AA8662D009EC2BC /* Sources */ = {
			isa = PBXSourcesBuildPhase;
			buildActionMask = 2147483647;
			files = (
				8D79AE232AA8662D009EC2BC /* ViewController.swift in Sources */,
				8D79AE382AA866B8009EC2BC /* HomeViewC.swift in Sources */,
				8D79AE1F2AA8662D009EC2BC /* AppDelegate.swift in Sources */,
				8D79AE212AA8662D009EC2BC /* SceneDelegate.swift in Sources */,
			);
			runOnlyForDeploymentPostprocessing = 0;
		};
/* End PBXSourcesBuildPhase section */

/* Begin PBXVariantGroup section */
		8D79AE242AA8662D009EC2BC /* Main.storyboard */ = {
			isa = PBXVariantGroup;
			children = (
				8D79AE252AA8662D009EC2BC /* Base */,
			);
			name = Main.storyboard;
			sourceTree = "<group>";
		};
		8D79AE292AA8662E009EC2BC /* LaunchScreen.storyboard */ = {
			isa = PBXVariantGroup;
			children = (
				8D79AE2A2AA8662E009EC2BC /* Base */,
			);
			name = LaunchScreen.storyboard;
			sourceTree = "<group>";
		};
/* End PBXVariantGroup section */

/* Begin XCBuildConfiguration section */
		8D79AE2D2AA8662E009EC2BC /* Debug */ = {
			isa = XCBuildConfiguration;
			buildSettings = {
				ALWAYS_SEARCH_USER_PATHS = NO;
				CLANG_ANALYZER_NONNULL = YES;
				CLANG_ANALYZER_NUMBER_OBJECT_CONVERSION = YES_AGGRESSIVE;
				CLANG_CXX_LANGUAGE_STANDARD = "gnu++20";
				CLANG_ENABLE_MODULES = YES;
				CLANG_ENABLE_OBJC_ARC = YES;
				CLANG_ENABLE_OBJC_WEAK = YES;
				CLANG_WARN_BLOCK_CAPTURE_AUTORELEASING = YES;
				CLANG_WARN_BOOL_CONVERSION = YES;
				CLANG_WARN_COMMA = YES;
				CLANG_WARN_CONSTANT_CONVERSION = YES;
				CLANG_WARN_DEPRECATED_OBJC_IMPLEMENTATIONS = YES;
				CLANG_WARN_DIRECT_OBJC_ISA_USAGE = YES_ERROR;
				CLANG_WARN_DOCUMENTATION_COMMENTS = YES;
				CLANG_WARN_EMPTY_BODY = YES;
				CLANG_WARN_ENUM_CONVERSION = YES;
				CLANG_WARN_INFINITE_RECURSION = YES;
				CLANG_WARN_INT_CONVERSION = YES;
				CLANG_WARN_NON_LITERAL_NULL_CONVERSION = YES;
				CLANG_WARN_OBJC_IMPLICIT_RETAIN_SELF = YES;
				CLANG_WARN_OBJC_LITERAL_CONVERSION = YES;
				CLANG_WARN_OBJC_ROOT_CLASS = YES_ERROR;
				CLANG_WARN_QUOTED_INCLUDE_IN_FRAMEWORK_HEADER = YES;
				CLANG_WARN_RANGE_LOOP_ANALYSIS = YES;
				CLANG_WARN_STRICT_PROTOTYPES = YES;
				CLANG_WARN_SUSPICIOUS_MOVE = YES;
				CLANG_WARN_UNGUARDED_AVAILABILITY = YES_AGGRESSIVE;
				CLANG_WARN_UNREACHABLE_CODE = YES;
				CLANG_WARN__DUPLICATE_METHOD_MATCH = YES;
				COPY_PHASE_STRIP = NO;
				DEBUG_INFORMATION_FORMAT = dwarf;
				ENABLE_STRICT_OBJC_MSGSEND = YES;
				ENABLE_TESTABILITY = YES;
				GCC_C_LANGUAGE_STANDARD = gnu11;
				GCC_DYNAMIC_NO_PIC = NO;
				GCC_NO_COMMON_BLOCKS = YES;
				GCC_OPTIMIZATION_LEVEL = 0;
				GCC_PREPROCESSOR_DEFINITIONS = (
					"DEBUG=1",
					"$(inherited)",
				);
				GCC_WARN_64_TO_32_BIT_CONVERSION = YES;
				GCC_WARN_ABOUT_RETURN_TYPE = YES_ERROR;
				GCC_WARN_UNDECLARED_SELECTOR = YES;
				GCC_WARN_UNINITIALIZED_AUTOS = YES_AGGRESSIVE;
				GCC_WARN_UNUSED_FUNCTION = YES;
				GCC_WARN_UNUSED_VARIABLE = YES;
				IPHONEOS_DEPLOYMENT_TARGET = 16.4;
				MTL_ENABLE_DEBUG_INFO = INCLUDE_SOURCE;
				MTL_FAST_MATH = YES;
				ONLY_ACTIVE_ARCH = YES;
				SDKROOT = iphoneos;
				SWIFT_ACTIVE_COMPILATION_CONDITIONS = DEBUG;
				SWIFT_OPTIMIZATION_LEVEL = "-Onone";
			};
			name = Debug;
		};
		8D79AE2E2AA8662E009EC2BC /* Release */ = {
			isa = XCBuildConfiguration;
			buildSettings = {
				ALWAYS_SEARCH_USER_PATHS = NO;
				CLANG_ANALYZER_NONNULL = YES;
				CLANG_ANALYZER_NUMBER_OBJECT_CONVERSION = YES_AGGRESSIVE;
				CLANG_CXX_LANGUAGE_STANDARD = "gnu++20";
				CLANG_ENABLE_MODULES = YES;
				CLANG_ENABLE_OBJC_ARC = YES;
				CLANG_ENABLE_OBJC_WEAK = YES;
				CLANG_WARN_BLOCK_CAPTURE_AUTORELEASING = YES;
				CLANG_WARN_BOOL_CONVERSION = YES;
				CLANG_WARN_COMMA = YES;
				CLANG_WARN_CONSTANT_CONVERSION = YES;
				CLANG_WARN_DEPRECATED_OBJC_IMPLEMENTATIONS = YES;
				CLANG_WARN_DIRECT_OBJC_ISA_USAGE = YES_ERROR;
				CLANG_WARN_DOCUMENTATION_COMMENTS = YES;
				CLANG_WARN_EMPTY_BODY = YES;
				CLANG_WARN_ENUM_CONVERSION = YES;
				CLANG_WARN_INFINITE_RECURSION = YES;
				CLANG_WARN_INT_CONVERSION = YES;
				CLANG_WARN_NON_LITERAL_NULL_CONVERSION = YES;
				CLANG_WARN_OBJC_IMPLICIT_RETAIN_SELF = YES;
				CLANG_WARN_OBJC_LITERAL_CONVERSION = YES;
				CLANG_WARN_OBJC_ROOT_CLASS = YES_ERROR;
				CLANG_WARN_QUOTED_INCLUDE_IN_FRAMEWORK_HEADER = YES;
				CLANG_WARN_RANGE_LOOP_ANALYSIS = YES;
				CLANG_WARN_STRICT_PROTOTYPES = YES;
				CLANG_WARN_SUSPICIOUS_MOVE = YES;
				CLANG_WARN_UNGUARDED_AVAILABILITY = YES_AGGRESSIVE;
				CLANG_WARN_UNREACHABLE_CODE = YES;
				CLANG_WARN__DUPLICATE_METHOD_MATCH = YES;
				COPY_PHASE_STRIP = NO;
				DEBUG_INFORMATION_FORMAT = "dwarf-with-dsym";
				ENABLE_NS_ASSERTIONS = NO;
				ENABLE_STRICT_OBJC_MSGSEND = YES;
				GCC_C_LANGUAGE_STANDARD = gnu11;
				GCC_NO_COMMON_BLOCKS = YES;
				GCC_WARN_64_TO_32_BIT_CONVERSION = YES;
				GCC_WARN_ABOUT_RETURN_TYPE = YES_ERROR;
				GCC_WARN_UNDECLARED_SELECTOR = YES;
				GCC_WARN_UNINITIALIZED_AUTOS = YES_AGGRESSIVE;
				GCC_WARN_UNUSED_FUNCTION = YES;
				GCC_WARN_UNUSED_VARIABLE = YES;
				IPHONEOS_DEPLOYMENT_TARGET = 16.4;
				MTL_ENABLE_DEBUG_INFO = NO;
				MTL_FAST_MATH = YES;
				SDKROOT = iphoneos;
				SWIFT_COMPILATION_MODE = wholemodule;
				SWIFT_OPTIMIZATION_LEVEL = "-O";
				VALIDATE_PRODUCT = YES;
			};
			name = Release;
		};
		8D79AE302AA8662E009EC2BC /* Debug */ = {
			isa = XCBuildConfiguration;
			buildSettings = {
				ASSETCATALOG_COMPILER_APPICON_NAME = AppIcon;
				ASSETCATALOG_COMPILER_GLOBAL_ACCENT_COLOR_NAME = AccentColor;
				CODE_SIGN_STYLE = Automatic;
				CURRENT_PROJECT_VERSION = 1;
				GENERATE_INFOPLIST_FILE = YES;
				INFOPLIST_FILE = Aarambh_iOS_UIKit/Info.plist;
				INFOPLIST_KEY_UIApplicationSupportsIndirectInputEvents = YES;
				INFOPLIST_KEY_UILaunchStoryboardName = LaunchScreen;
				INFOPLIST_KEY_UIMainStoryboardFile = Main;
				INFOPLIST_KEY_UISupportedInterfaceOrientations_iPad = "UIInterfaceOrientationPortrait UIInterfaceOrientationPortraitUpsideDown UIInterfaceOrientationLandscapeLeft UIInterfaceOrientationLandscapeRight";
				INFOPLIST_KEY_UISupportedInterfaceOrientations_iPhone = "UIInterfaceOrientationPortrait UIInterfaceOrientationLandscapeLeft UIInterfaceOrientationLandscapeRight";
				LD_RUNPATH_SEARCH_PATHS = (
					"$(inherited)",
					"@executable_path/Frameworks",
				);
				MARKETING_VERSION = 1.0;
				PRODUCT_BUNDLE_IDENTIFIER = "example.com.Aarambh-iOS-UIKit";
				PRODUCT_NAME = "$(TARGET_NAME)";
				SWIFT_EMIT_LOC_STRINGS = YES;
				SWIFT_VERSION = 5.0;
				TARGETED_DEVICE_FAMILY = "1,2";
			};
			name = Debug;
		};
		8D79AE312AA8662E009EC2BC /* Release */ = {
			isa = XCBuildConfiguration;
			buildSettings = {
				ASSETCATALOG_COMPILER_APPICON_NAME = AppIcon;
				ASSETCATALOG_COMPILER_GLOBAL_ACCENT_COLOR_NAME = AccentColor;
				CODE_SIGN_STYLE = Automatic;
				CURRENT_PROJECT_VERSION = 1;
				GENERATE_INFOPLIST_FILE = YES;
				INFOPLIST_FILE = Aarambh_iOS_UIKit/Info.plist;
				INFOPLIST_KEY_UIApplicationSupportsIndirectInputEvents = YES;
				INFOPLIST_KEY_UILaunchStoryboardName = LaunchScreen;
				INFOPLIST_KEY_UIMainStoryboardFile = Main;
				INFOPLIST_KEY_UISupportedInterfaceOrientations_iPad = "UIInterfaceOrientationPortrait UIInterfaceOrientationPortraitUpsideDown UIInterfaceOrientationLandscapeLeft UIInterfaceOrientationLandscapeRight";
				INFOPLIST_KEY_UISupportedInterfaceOrientations_iPhone = "UIInterfaceOrientationPortrait UIInterfaceOrientationLandscapeLeft UIInterfaceOrientationLandscapeRight";
				LD_RUNPATH_SEARCH_PATHS = (
					"$(inherited)",
					"@executable_path/Frameworks",
				);
				MARKETING_VERSION = 1.0;
				PRODUCT_BUNDLE_IDENTIFIER = "example.com.Aarambh-iOS-UIKit";
				PRODUCT_NAME = "$(TARGET_NAME)";
				SWIFT_EMIT_LOC_STRINGS = YES;
				SWIFT_VERSION = 5.0;
				TARGETED_DEVICE_FAMILY = "1,2";
			};
			name = Release;
		};
/* End XCBuildConfiguration section */

/* Begin XCConfigurationList section */
		8D79AE162AA8662D009EC2BC /* Build configuration list for PBXProject "Aarambh_iOS_UIKit" */ = {
			isa = XCConfigurationList;
			buildConfigurations = (
				8D79AE2D2AA8662E009EC2BC /* Debug */,
				8D79AE2E2AA8662E009EC2BC /* Release */,
			);
			defaultConfigurationIsVisible = 0;
			defaultConfigurationName = Release;
		};
		8D79AE2F2AA8662E009EC2BC /* Build configuration list for PBXNativeTarget "Aarambh_iOS_UIKit" */ = {
			isa = XCConfigurationList;
			buildConfigurations = (
				8D79AE302AA8662E009EC2BC /* Debug */,
				8D79AE312AA8662E009EC2BC /* Release */,
			);
			defaultConfigurationIsVisible = 0;
			defaultConfigurationName = Release;
		};
/* End XCConfigurationList section */
	};
	rootObject = 8D79AE132AA8662D009EC2BC /* Project object */;
}
